Microsoft Visual Studio Solution File, Format Version 12.00
# Visual Studio Version 17
VisualStudioVersion = 17.5.2.0
MinimumVisualStudioVersion = 10.0.40219.1
Project("{FAE04EC0-301F-11D3-BF4B-00C04F79EFBC}") = "Forecast.Api", "Forecast.Api.csproj", "{1187F5D4-2BD2-8900-1CD0-E88FD9EE1356}"
EndProject
Global
	GlobalSection(SolutionConfigurationPlatforms) = preSolution
		Debug|Any CPU = Debug|Any CPU
		Release|Any CPU = Release|Any CPU
	EndGlobalSection
	GlobalSection(ProjectConfigurationPlatforms) = postSolution
		{1187F5D4-2BD2-8900-1CD0-E88FD9EE1356}.Debug|Any CPU.ActiveCfg = Debug|Any CPU
		{1187F5D4-2BD2-8900-1CD0-E88FD9EE1356}.Debug|Any CPU.Build.0 = Debug|Any CPU
		{1187F5D4-2BD2-8900-1CD0-E88FD9EE1356}.Release|Any CPU.ActiveCfg = Release|Any CPU
		{1187F5D4-2BD2-8900-1CD0-E88FD9EE1356}.Release|Any CPU.Build.0 = Release|Any CPU
	EndGlobalSection
	GlobalSection(SolutionProperties) = preSolution
		HideSolutionNode = FALSE
	EndGlobalSection
	GlobalSection(ExtensibilityGlobals) = postSolution
		SolutionGuid = {200A419E-8ADA-493B-A16E-127557004947}
	EndGlobalSection
EndGlobal
